
Microsoft Visual Studio Solution File, Format Version 12.00
Project("{2150E333-8FDC-42A3-9474-1A3956D46DE8}") = "presentation", "presentation", "{80C852C5-4E02-42D6-9FEA-D9FD5A62D16A}"
EndProject
Project("{FAE04EC0-301F-11D3-BF4B-00C04F79EFBC}") = "ApiGateway", "ApiGateway\ApiGateway.csproj", "{3811F18F-CC47-47A7-B4A3-835FB89E9E08}"
EndProject
Global
	GlobalSection(SolutionConfigurationPlatforms) = preSolution
		Debug|Any CPU = Debug|Any CPU
		Release|Any CPU = Release|Any CPU
	EndGlobalSection
	GlobalSection(NestedProjects) = preSolution
		{3811F18F-CC47-47A7-B4A3-835FB89E9E08} = {80C852C5-4E02-42D6-9FEA-D9FD5A62D16A}
	EndGlobalSection
	GlobalSection(ProjectConfigurationPlatforms) = postSolution
		{3811F18F-CC47-47A7-B4A3-835FB89E9E08}.Debug|Any CPU.ActiveCfg = Debug|Any CPU
		{3811F18F-CC47-47A7-B4A3-835FB89E9E08}.Debug|Any CPU.Build.0 = Debug|Any CPU
		{3811F18F-CC47-47A7-B4A3-835FB89E9E08}.Release|Any CPU.ActiveCfg = Release|Any CPU
		{3811F18F-CC47-47A7-B4A3-835FB89E9E08}.Release|Any CPU.Build.0 = Release|Any CPU
	EndGlobalSection
EndGlobal
