
Microsoft Visual Studio Solution File, Format Version 12.00
Project("{2150E333-8FDC-42A3-9474-1A3956D46DE8}") = "src", "src", "{04A5664E-5EE8-47E4-BCEB-94F66D8DBD7E}"
EndProject
Project("{2150E333-8FDC-42A3-9474-1A3956D46DE8}") = "tests", "tests", "{AC29AA8A-6D7B-43B9-A945-DEAB1360B12E}"
EndProject
Project("{2150E333-8FDC-42A3-9474-1A3956D46DE8}") = "core", "core", "{BDAF4809-FB74-489C-A051-56071C06800C}"
EndProject
Project("{FAE04EC0-301F-11D3-BF4B-00C04F79EFBC}") = "ft.transaction-management.Domain", "ft.transaction-management.Domain\ft.transaction-management.Domain.csproj", "{34C636C9-BD12-445C-9917-B02DDC482230}"
EndProject
Project("{FAE04EC0-301F-11D3-BF4B-00C04F79EFBC}") = "ft.transaction-management.Application", "ft.transaction-management.Application\ft.transaction-management.Application.csproj", "{5D4A4240-7EAB-42CE-B398-C7AD66753708}"
EndProject
Project("{2150E333-8FDC-42A3-9474-1A3956D46DE8}") = "infrastructure", "infrastructure", "{B8F23A72-6E54-455A-8769-805D073AF9E3}"
EndProject
Project("{FAE04EC0-301F-11D3-BF4B-00C04F79EFBC}") = "ft.transaction-management.Infrastructure", "ft.transaction-management.Infrastructure\ft.transaction-management.Infrastructure.csproj", "{2E78C71D-DF13-49A2-A49B-B949B760DC99}"
EndProject
Project("{FAE04EC0-301F-11D3-BF4B-00C04F79EFBC}") = "ft.transaction-management.Persistence", "ft.transaction-management.Persistence\ft.transaction-management.Persistence.csproj", "{8673F968-AE19-4944-AE0D-D52BFB28B56C}"
EndProject
Project("{2150E333-8FDC-42A3-9474-1A3956D46DE8}") = "presentation", "presentation", "{6E78226B-D3CD-4305-B997-E28D0D615460}"
EndProject
Project("{FAE04EC0-301F-11D3-BF4B-00C04F79EFBC}") = "ft.transaction-management.WebApi", "ft.transaction-management.WebApi\ft.transaction-management.WebApi.csproj", "{AAA878A3-9929-481C-A89C-FC5AA8923BE3}"
EndProject
Global
	GlobalSection(SolutionConfigurationPlatforms) = preSolution
		Debug|Any CPU = Debug|Any CPU
		Release|Any CPU = Release|Any CPU
	EndGlobalSection
	GlobalSection(NestedProjects) = preSolution
		{BDAF4809-FB74-489C-A051-56071C06800C} = {04A5664E-5EE8-47E4-BCEB-94F66D8DBD7E}
		{34C636C9-BD12-445C-9917-B02DDC482230} = {BDAF4809-FB74-489C-A051-56071C06800C}
		{5D4A4240-7EAB-42CE-B398-C7AD66753708} = {BDAF4809-FB74-489C-A051-56071C06800C}
		{B8F23A72-6E54-455A-8769-805D073AF9E3} = {04A5664E-5EE8-47E4-BCEB-94F66D8DBD7E}
		{2E78C71D-DF13-49A2-A49B-B949B760DC99} = {B8F23A72-6E54-455A-8769-805D073AF9E3}
		{8673F968-AE19-4944-AE0D-D52BFB28B56C} = {B8F23A72-6E54-455A-8769-805D073AF9E3}
		{6E78226B-D3CD-4305-B997-E28D0D615460} = {04A5664E-5EE8-47E4-BCEB-94F66D8DBD7E}
		{AAA878A3-9929-481C-A89C-FC5AA8923BE3} = {6E78226B-D3CD-4305-B997-E28D0D615460}
	EndGlobalSection
	GlobalSection(ProjectConfigurationPlatforms) = postSolution
		{34C636C9-BD12-445C-9917-B02DDC482230}.Debug|Any CPU.ActiveCfg = Debug|Any CPU
		{34C636C9-BD12-445C-9917-B02DDC482230}.Debug|Any CPU.Build.0 = Debug|Any CPU
		{34C636C9-BD12-445C-9917-B02DDC482230}.Release|Any CPU.ActiveCfg = Release|Any CPU
		{34C636C9-BD12-445C-9917-B02DDC482230}.Release|Any CPU.Build.0 = Release|Any CPU
		{5D4A4240-7EAB-42CE-B398-C7AD66753708}.Debug|Any CPU.ActiveCfg = Debug|Any CPU
		{5D4A4240-7EAB-42CE-B398-C7AD66753708}.Debug|Any CPU.Build.0 = Debug|Any CPU
		{5D4A4240-7EAB-42CE-B398-C7AD66753708}.Release|Any CPU.ActiveCfg = Release|Any CPU
		{5D4A4240-7EAB-42CE-B398-C7AD66753708}.Release|Any CPU.Build.0 = Release|Any CPU
		{2E78C71D-DF13-49A2-A49B-B949B760DC99}.Debug|Any CPU.ActiveCfg = Debug|Any CPU
		{2E78C71D-DF13-49A2-A49B-B949B760DC99}.Debug|Any CPU.Build.0 = Debug|Any CPU
		{2E78C71D-DF13-49A2-A49B-B949B760DC99}.Release|Any CPU.ActiveCfg = Release|Any CPU
		{2E78C71D-DF13-49A2-A49B-B949B760DC99}.Release|Any CPU.Build.0 = Release|Any CPU
		{8673F968-AE19-4944-AE0D-D52BFB28B56C}.Debug|Any CPU.ActiveCfg = Debug|Any CPU
		{8673F968-AE19-4944-AE0D-D52BFB28B56C}.Debug|Any CPU.Build.0 = Debug|Any CPU
		{8673F968-AE19-4944-AE0D-D52BFB28B56C}.Release|Any CPU.ActiveCfg = Release|Any CPU
		{8673F968-AE19-4944-AE0D-D52BFB28B56C}.Release|Any CPU.Build.0 = Release|Any CPU
		{AAA878A3-9929-481C-A89C-FC5AA8923BE3}.Debug|Any CPU.ActiveCfg = Debug|Any CPU
		{AAA878A3-9929-481C-A89C-FC5AA8923BE3}.Debug|Any CPU.Build.0 = Debug|Any CPU
		{AAA878A3-9929-481C-A89C-FC5AA8923BE3}.Release|Any CPU.ActiveCfg = Release|Any CPU
		{AAA878A3-9929-481C-A89C-FC5AA8923BE3}.Release|Any CPU.Build.0 = Release|Any CPU
	EndGlobalSection
EndGlobal
